
Microsoft Visual Studio Solution File, Format Version 12.00
# Visual Studio 14
VisualStudioVersion = 14.0.25420.1
MinimumVisualStudioVersion = 10.0.40219.1
Project("{FAE04EC0-301F-11D3-BF4B-00C04F79EFBC}") = "GymManageProject", "GymManageProject\GymManageProject.csproj", "{124A7E98-9A93-4CCB-A7E7-09DC788C4604}"
EndProject
Project("{FAE04EC0-301F-11D3-BF4B-00C04F79EFBC}") = "GemDataAccessLayer", "GemDataAccessLayer\GemDataAccessLayer.csproj", "{EC83503F-2F57-4FC5-9701-49BA510CE1D0}"
EndProject
Project("{FAE04EC0-301F-11D3-BF4B-00C04F79EFBC}") = "GymBussines", "GymBussines\GymBussines.csproj", "{73F1DA77-9B67-448B-98B4-126A6CFB1123}"
EndProject
Global
	GlobalSection(SolutionConfigurationPlatforms) = preSolution
		Debug|Any CPU = Debug|Any CPU
		Release|Any CPU = Release|Any CPU
	EndGlobalSection
	GlobalSection(ProjectConfigurationPlatforms) = postSolution
		{124A7E98-9A93-4CCB-A7E7-09DC788C4604}.Debug|Any CPU.ActiveCfg = Debug|Any CPU
		{124A7E98-9A93-4CCB-A7E7-09DC788C4604}.Debug|Any CPU.Build.0 = Debug|Any CPU
		{124A7E98-9A93-4CCB-A7E7-09DC788C4604}.Release|Any CPU.ActiveCfg = Release|Any CPU
		{124A7E98-9A93-4CCB-A7E7-09DC788C4604}.Release|Any CPU.Build.0 = Release|Any CPU
		{EC83503F-2F57-4FC5-9701-49BA510CE1D0}.Debug|Any CPU.ActiveCfg = Debug|Any CPU
		{EC83503F-2F57-4FC5-9701-49BA510CE1D0}.Debug|Any CPU.Build.0 = Debug|Any CPU
		{EC83503F-2F57-4FC5-9701-49BA510CE1D0}.Release|Any CPU.ActiveCfg = Release|Any CPU
		{EC83503F-2F57-4FC5-9701-49BA510CE1D0}.Release|Any CPU.Build.0 = Release|Any CPU
		{73F1DA77-9B67-448B-98B4-126A6CFB1123}.Debug|Any CPU.ActiveCfg = Debug|Any CPU
		{73F1DA77-9B67-448B-98B4-126A6CFB1123}.Debug|Any CPU.Build.0 = Debug|Any CPU
		{73F1DA77-9B67-448B-98B4-126A6CFB1123}.Release|Any CPU.ActiveCfg = Release|Any CPU
		{73F1DA77-9B67-448B-98B4-126A6CFB1123}.Release|Any CPU.Build.0 = Release|Any CPU
	EndGlobalSection
	GlobalSection(SolutionProperties) = preSolution
		HideSolutionNode = FALSE
	EndGlobalSection
EndGlobal
